
Microsoft Visual Studio Solution File, Format Version 12.00
# Visual Studio 15
VisualStudioVersion = 15.0.28307.168
MinimumVisualStudioVersion = 10.0.40219.1
Project("{FAE04EC0-301F-11D3-BF4B-00C04F79EFBC}") = "MediaRadar.PubAd.Web", "MediaRadar.PubAd.Web\MediaRadar.PubAd.Web.csproj", "{27742D59-2166-472E-8E52-EEBD358F166E}"
EndProject
Project("{9A19103F-16F7-4668-BE54-9A1E7A4F7556}") = "MediaRadar.API.SDK", "MediaRadar.API.SDK\MediaRadar.API.SDK.csproj", "{AF196AF2-537C-41EF-8E63-6DBEE2BBE612}"
EndProject
Project("{FAE04EC0-301F-11D3-BF4B-00C04F79EFBC}") = "MediaRadar.PubAd.Angular", "MediaRadar.PubAd.Angular\MediaRadar.PubAd.Angular.csproj", "{F09C0ED7-6602-4CA3-9697-81F267CE2938}"
EndProject
Project("{FAE04EC0-301F-11D3-BF4B-00C04F79EFBC}") = "MediaRadar.PubAd.WebCore", "MediaRadar.PubAd.WebCore\MediaRadar.PubAd.WebCore.csproj", "{6A9A7422-444F-476A-BDEB-D4A777ACC75E}"
EndProject
Global
	GlobalSection(SolutionConfigurationPlatforms) = preSolution
		Debug|Any CPU = Debug|Any CPU
		Production|Any CPU = Production|Any CPU
		Release|Any CPU = Release|Any CPU
		Sandbox|Any CPU = Sandbox|Any CPU
	EndGlobalSection
	GlobalSection(ProjectConfigurationPlatforms) = postSolution
		{27742D59-2166-472E-8E52-EEBD358F166E}.Debug|Any CPU.ActiveCfg = Debug|Any CPU
		{27742D59-2166-472E-8E52-EEBD358F166E}.Debug|Any CPU.Build.0 = Debug|Any CPU
		{27742D59-2166-472E-8E52-EEBD358F166E}.Production|Any CPU.ActiveCfg = Debug|Any CPU
		{27742D59-2166-472E-8E52-EEBD358F166E}.Production|Any CPU.Build.0 = Debug|Any CPU
		{27742D59-2166-472E-8E52-EEBD358F166E}.Release|Any CPU.ActiveCfg = Release|Any CPU
		{27742D59-2166-472E-8E52-EEBD358F166E}.Release|Any CPU.Build.0 = Release|Any CPU
		{27742D59-2166-472E-8E52-EEBD358F166E}.Sandbox|Any CPU.ActiveCfg = Debug|Any CPU
		{27742D59-2166-472E-8E52-EEBD358F166E}.Sandbox|Any CPU.Build.0 = Debug|Any CPU
		{AF196AF2-537C-41EF-8E63-6DBEE2BBE612}.Debug|Any CPU.ActiveCfg = Debug|Any CPU
		{AF196AF2-537C-41EF-8E63-6DBEE2BBE612}.Debug|Any CPU.Build.0 = Debug|Any CPU
		{AF196AF2-537C-41EF-8E63-6DBEE2BBE612}.Production|Any CPU.ActiveCfg = Debug|Any CPU
		{AF196AF2-537C-41EF-8E63-6DBEE2BBE612}.Production|Any CPU.Build.0 = Debug|Any CPU
		{AF196AF2-537C-41EF-8E63-6DBEE2BBE612}.Release|Any CPU.ActiveCfg = Release|Any CPU
		{AF196AF2-537C-41EF-8E63-6DBEE2BBE612}.Release|Any CPU.Build.0 = Release|Any CPU
		{AF196AF2-537C-41EF-8E63-6DBEE2BBE612}.Sandbox|Any CPU.ActiveCfg = Debug|Any CPU
		{AF196AF2-537C-41EF-8E63-6DBEE2BBE612}.Sandbox|Any CPU.Build.0 = Debug|Any CPU
		{F09C0ED7-6602-4CA3-9697-81F267CE2938}.Debug|Any CPU.ActiveCfg = Debug|Any CPU
		{F09C0ED7-6602-4CA3-9697-81F267CE2938}.Debug|Any CPU.Build.0 = Debug|Any CPU
		{F09C0ED7-6602-4CA3-9697-81F267CE2938}.Production|Any CPU.ActiveCfg = Debug|Any CPU
		{F09C0ED7-6602-4CA3-9697-81F267CE2938}.Production|Any CPU.Build.0 = Debug|Any CPU
		{F09C0ED7-6602-4CA3-9697-81F267CE2938}.Release|Any CPU.ActiveCfg = Release|Any CPU
		{F09C0ED7-6602-4CA3-9697-81F267CE2938}.Release|Any CPU.Build.0 = Release|Any CPU
		{F09C0ED7-6602-4CA3-9697-81F267CE2938}.Sandbox|Any CPU.ActiveCfg = Debug|Any CPU
		{F09C0ED7-6602-4CA3-9697-81F267CE2938}.Sandbox|Any CPU.Build.0 = Debug|Any CPU
		{6A9A7422-444F-476A-BDEB-D4A777ACC75E}.Debug|Any CPU.ActiveCfg = Debug|Any CPU
		{6A9A7422-444F-476A-BDEB-D4A777ACC75E}.Debug|Any CPU.Build.0 = Debug|Any CPU
		{6A9A7422-444F-476A-BDEB-D4A777ACC75E}.Production|Any CPU.ActiveCfg = Debug|Any CPU
		{6A9A7422-444F-476A-BDEB-D4A777ACC75E}.Production|Any CPU.Build.0 = Debug|Any CPU
		{6A9A7422-444F-476A-BDEB-D4A777ACC75E}.Release|Any CPU.ActiveCfg = Release|Any CPU
		{6A9A7422-444F-476A-BDEB-D4A777ACC75E}.Release|Any CPU.Build.0 = Release|Any CPU
		{6A9A7422-444F-476A-BDEB-D4A777ACC75E}.Sandbox|Any CPU.ActiveCfg = Debug|Any CPU
		{6A9A7422-444F-476A-BDEB-D4A777ACC75E}.Sandbox|Any CPU.Build.0 = Debug|Any CPU
	EndGlobalSection
	GlobalSection(SolutionProperties) = preSolution
		HideSolutionNode = FALSE
	EndGlobalSection
	GlobalSection(ExtensibilityGlobals) = postSolution
		SolutionGuid = {E5D4FABA-29BB-4F61-A515-2A4685963144}
	EndGlobalSection
EndGlobal
